{
  "requires": true,
  "lockfileVersion": 1,
  "dependencies": {
    "cordova-plugin-android-gpsdetect": {
      "version": "0.0.3",
      "resolved": "https://registry.npmjs.org/cordova-plugin-android-gpsdetect/-/cordova-plugin-android-gpsdetect-0.0.3.tgz",
      "integrity": "sha1-7baovBjbbEkFTDl7AezaOtWfLtA="
    },
    "phonegap-plugin-barcodescanner": {
      "version": "7.1.1",
      "resolved": "https://registry.npmjs.org/phonegap-plugin-barcodescanner/-/phonegap-plugin-barcodescanner-7.1.1.tgz",
      "integrity": "sha512-isalqbPfxGlfhY520vjQbjCt6kIqwZZP2VyXx6BF0VXFaEfH0KYl2VcdQCeJ6E/fo337XZEEU2OHC8igy8g+0g=="
    }
  }
}
